
Microsoft Visual Studio Solution File, Format Version 12.00
# Visual Studio 15
VisualStudioVersion = 15.0.28307.271
MinimumVisualStudioVersion = 10.0.40219.1
Project("{FAE04EC0-301F-11D3-BF4B-00C04F79EFBC}") = "ExactOnline.Client.Sdk", "src\ExactOnline.Client.Sdk\ExactOnline.Client.Sdk.csproj", "{EE442AA1-C51A-4531-92DA-A7D9C7B73973}"
EndProject
Project("{2150E333-8FDC-42A3-9474-1A3956D46DE8}") = "Tests", "Tests", "{3F1610DB-DF11-43C3-B024-427B17186896}"
EndProject
Project("{FAE04EC0-301F-11D3-BF4B-00C04F79EFBC}") = "ExactOnline.Client.OAuth", "src\ExactOnline.Client.OAuth\ExactOnline.Client.OAuth.csproj", "{610FE8C1-F026-4567-8B47-8CB6338251F6}"
EndProject
Project("{FAE04EC0-301F-11D3-BF4B-00C04F79EFBC}") = "ExactOnline.Client.Sdk.IntegrationTests", "test\ExactOnline.Client.Sdk.IntegrationTests\ExactOnline.Client.Sdk.IntegrationTests.csproj", "{5B1800D1-079E-40FF-AB04-B561627975E4}"
EndProject
Project("{FAE04EC0-301F-11D3-BF4B-00C04F79EFBC}") = "ExactOnline.Client.Sdk.TestContext", "test\ExactOnline.Client.Sdk.TestContext\ExactOnline.Client.Sdk.TestContext.csproj", "{6C865A60-7FB2-4AAC-895D-2B4639B5B144}"
EndProject
Project("{FAE04EC0-301F-11D3-BF4B-00C04F79EFBC}") = "ExactOnline.Client.Sdk.UnitTests", "test\ExactOnline.Client.Sdk.UnitTests\ExactOnline.Client.Sdk.UnitTests.csproj", "{866362D4-39CA-4FAA-99C0-2BE23530E881}"
EndProject
Project("{FAE04EC0-301F-11D3-BF4B-00C04F79EFBC}") = "ExactOnline.Client.Sdk.PerformanceTests", "test\ExactOnline.Client.Sdk.PerformanceTests\ExactOnline.Client.Sdk.PerformanceTests.csproj", "{F82A0E41-ED79-4426-B12C-CEA6CC4C6979}"
EndProject
Project("{FAE04EC0-301F-11D3-BF4B-00C04F79EFBC}") = "ExactOnline.Client.Sdk.UserAcceptanceTests", "test\ExactOnline.Client.Sdk.UserAcceptanceTests\ExactOnline.Client.Sdk.UserAcceptanceTests.csproj", "{6ECE490A-620B-4AED-986E-456038B1FBFF}"
EndProject
Project("{9A19103F-16F7-4668-BE54-9A1E7A4F7556}") = "ExactOnline.Client.Models", "src\ExactOnline.Client.Models\ExactOnline.Client.Models.csproj", "{0FBE029A-DD5E-0A4A-3EE2-6F330EB60B7C}"
EndProject
Global
	GlobalSection(SolutionConfigurationPlatforms) = preSolution
		Browser|Any CPU = Browser|Any CPU
		Debug|Any CPU = Debug|Any CPU
		Release|Any CPU = Release|Any CPU
	EndGlobalSection
	GlobalSection(ProjectConfigurationPlatforms) = postSolution
		{EE442AA1-C51A-4531-92DA-A7D9C7B73973}.Browser|Any CPU.ActiveCfg = Release|Any CPU
		{EE442AA1-C51A-4531-92DA-A7D9C7B73973}.Browser|Any CPU.Build.0 = Release|Any CPU
		{EE442AA1-C51A-4531-92DA-A7D9C7B73973}.Debug|Any CPU.ActiveCfg = Debug|Any CPU
		{EE442AA1-C51A-4531-92DA-A7D9C7B73973}.Debug|Any CPU.Build.0 = Debug|Any CPU
		{EE442AA1-C51A-4531-92DA-A7D9C7B73973}.Release|Any CPU.ActiveCfg = Release|Any CPU
		{EE442AA1-C51A-4531-92DA-A7D9C7B73973}.Release|Any CPU.Build.0 = Release|Any CPU
		{610FE8C1-F026-4567-8B47-8CB6338251F6}.Browser|Any CPU.ActiveCfg = Release|Any CPU
		{610FE8C1-F026-4567-8B47-8CB6338251F6}.Browser|Any CPU.Build.0 = Release|Any CPU
		{610FE8C1-F026-4567-8B47-8CB6338251F6}.Debug|Any CPU.ActiveCfg = Debug|Any CPU
		{610FE8C1-F026-4567-8B47-8CB6338251F6}.Debug|Any CPU.Build.0 = Debug|Any CPU
		{610FE8C1-F026-4567-8B47-8CB6338251F6}.Release|Any CPU.ActiveCfg = Release|Any CPU
		{610FE8C1-F026-4567-8B47-8CB6338251F6}.Release|Any CPU.Build.0 = Release|Any CPU
		{5B1800D1-079E-40FF-AB04-B561627975E4}.Browser|Any CPU.ActiveCfg = Release|Any CPU
		{5B1800D1-079E-40FF-AB04-B561627975E4}.Browser|Any CPU.Build.0 = Release|Any CPU
		{5B1800D1-079E-40FF-AB04-B561627975E4}.Debug|Any CPU.ActiveCfg = Debug|Any CPU
		{5B1800D1-079E-40FF-AB04-B561627975E4}.Debug|Any CPU.Build.0 = Debug|Any CPU
		{5B1800D1-079E-40FF-AB04-B561627975E4}.Release|Any CPU.ActiveCfg = Release|Any CPU
		{5B1800D1-079E-40FF-AB04-B561627975E4}.Release|Any CPU.Build.0 = Release|Any CPU
		{6C865A60-7FB2-4AAC-895D-2B4639B5B144}.Browser|Any CPU.ActiveCfg = Release|Any CPU
		{6C865A60-7FB2-4AAC-895D-2B4639B5B144}.Browser|Any CPU.Build.0 = Release|Any CPU
		{6C865A60-7FB2-4AAC-895D-2B4639B5B144}.Debug|Any CPU.ActiveCfg = Debug|Any CPU
		{6C865A60-7FB2-4AAC-895D-2B4639B5B144}.Debug|Any CPU.Build.0 = Debug|Any CPU
		{6C865A60-7FB2-4AAC-895D-2B4639B5B144}.Release|Any CPU.ActiveCfg = Release|Any CPU
		{6C865A60-7FB2-4AAC-895D-2B4639B5B144}.Release|Any CPU.Build.0 = Release|Any CPU
		{866362D4-39CA-4FAA-99C0-2BE23530E881}.Browser|Any CPU.ActiveCfg = Release|Any CPU
		{866362D4-39CA-4FAA-99C0-2BE23530E881}.Browser|Any CPU.Build.0 = Release|Any CPU
		{866362D4-39CA-4FAA-99C0-2BE23530E881}.Debug|Any CPU.ActiveCfg = Debug|Any CPU
		{866362D4-39CA-4FAA-99C0-2BE23530E881}.Debug|Any CPU.Build.0 = Debug|Any CPU
		{866362D4-39CA-4FAA-99C0-2BE23530E881}.Release|Any CPU.ActiveCfg = Release|Any CPU
		{866362D4-39CA-4FAA-99C0-2BE23530E881}.Release|Any CPU.Build.0 = Release|Any CPU
		{F82A0E41-ED79-4426-B12C-CEA6CC4C6979}.Browser|Any CPU.ActiveCfg = Release|Any CPU
		{F82A0E41-ED79-4426-B12C-CEA6CC4C6979}.Browser|Any CPU.Build.0 = Release|Any CPU
		{F82A0E41-ED79-4426-B12C-CEA6CC4C6979}.Debug|Any CPU.ActiveCfg = Debug|Any CPU
		{F82A0E41-ED79-4426-B12C-CEA6CC4C6979}.Debug|Any CPU.Build.0 = Debug|Any CPU
		{F82A0E41-ED79-4426-B12C-CEA6CC4C6979}.Release|Any CPU.ActiveCfg = Release|Any CPU
		{F82A0E41-ED79-4426-B12C-CEA6CC4C6979}.Release|Any CPU.Build.0 = Release|Any CPU
		{6ECE490A-620B-4AED-986E-456038B1FBFF}.Browser|Any CPU.ActiveCfg = Release|Any CPU
		{6ECE490A-620B-4AED-986E-456038B1FBFF}.Browser|Any CPU.Build.0 = Release|Any CPU
		{6ECE490A-620B-4AED-986E-456038B1FBFF}.Debug|Any CPU.ActiveCfg = Debug|Any CPU
		{6ECE490A-620B-4AED-986E-456038B1FBFF}.Debug|Any CPU.Build.0 = Debug|Any CPU
		{6ECE490A-620B-4AED-986E-456038B1FBFF}.Release|Any CPU.ActiveCfg = Release|Any CPU
		{6ECE490A-620B-4AED-986E-456038B1FBFF}.Release|Any CPU.Build.0 = Release|Any CPU
		{0FBE029A-DD5E-0A4A-3EE2-6F330EB60B7C}.Browser|Any CPU.ActiveCfg = Debug|Any CPU
		{0FBE029A-DD5E-0A4A-3EE2-6F330EB60B7C}.Browser|Any CPU.Build.0 = Debug|Any CPU
		{0FBE029A-DD5E-0A4A-3EE2-6F330EB60B7C}.Debug|Any CPU.ActiveCfg = Debug|Any CPU
		{0FBE029A-DD5E-0A4A-3EE2-6F330EB60B7C}.Debug|Any CPU.Build.0 = Debug|Any CPU
		{0FBE029A-DD5E-0A4A-3EE2-6F330EB60B7C}.Release|Any CPU.ActiveCfg = Release|Any CPU
		{0FBE029A-DD5E-0A4A-3EE2-6F330EB60B7C}.Release|Any CPU.Build.0 = Release|Any CPU
	EndGlobalSection
	GlobalSection(SolutionProperties) = preSolution
		HideSolutionNode = FALSE
	EndGlobalSection
	GlobalSection(NestedProjects) = preSolution
		{5B1800D1-079E-40FF-AB04-B561627975E4} = {3F1610DB-DF11-43C3-B024-427B17186896}
		{6C865A60-7FB2-4AAC-895D-2B4639B5B144} = {3F1610DB-DF11-43C3-B024-427B17186896}
		{866362D4-39CA-4FAA-99C0-2BE23530E881} = {3F1610DB-DF11-43C3-B024-427B17186896}
		{F82A0E41-ED79-4426-B12C-CEA6CC4C6979} = {3F1610DB-DF11-43C3-B024-427B17186896}
		{6ECE490A-620B-4AED-986E-456038B1FBFF} = {3F1610DB-DF11-43C3-B024-427B17186896}
	EndGlobalSection
	GlobalSection(ExtensibilityGlobals) = postSolution
		SolutionGuid = {322AC3FE-85D6-43F8-8AA5-A211F2ECCCFC}
	EndGlobalSection
EndGlobal
