
Microsoft Visual Studio Solution File, Format Version 12.00
# Visual Studio Version 16
VisualStudioVersion = 16.0.29806.167
MinimumVisualStudioVersion = 10.0.40219.1
Project("{FAE04EC0-301F-11D3-BF4B-00C04F79EFBC}") = "ExactCore", "ExactCore\ExactCore.csproj", "{E834160E-CA69-49DD-AC77-09378AC23813}"
EndProject
Project("{FAE04EC0-301F-11D3-BF4B-00C04F79EFBC}") = "ExactOnline.Client.Sdk.Core", "ExactOnline.Client.Sdk.Core\ExactOnline.Client.Sdk.Core.csproj", "{F1894C00-812E-40E5-A42D-5DA2CAD822EB}"
EndProject
Project("{FAE04EC0-301F-11D3-BF4B-00C04F79EFBC}") = "ExactOnline.Client.Models.Core", "ExactOnline.Client.Models.Core\ExactOnline.Client.Models.Core.csproj", "{4C1A9754-009D-4B50-9BCB-09CB6ED2E01C}"
EndProject
Global
	GlobalSection(SolutionConfigurationPlatforms) = preSolution
		Browser|Any CPU = Browser|Any CPU
		Debug|Any CPU = Debug|Any CPU
		Release|Any CPU = Release|Any CPU
	EndGlobalSection
	GlobalSection(ProjectConfigurationPlatforms) = postSolution
		{E834160E-CA69-49DD-AC77-09378AC23813}.Browser|Any CPU.ActiveCfg = Debug|Any CPU
		{E834160E-CA69-49DD-AC77-09378AC23813}.Browser|Any CPU.Build.0 = Debug|Any CPU
		{E834160E-CA69-49DD-AC77-09378AC23813}.Debug|Any CPU.ActiveCfg = Debug|Any CPU
		{E834160E-CA69-49DD-AC77-09378AC23813}.Debug|Any CPU.Build.0 = Debug|Any CPU
		{E834160E-CA69-49DD-AC77-09378AC23813}.Release|Any CPU.ActiveCfg = Release|Any CPU
		{E834160E-CA69-49DD-AC77-09378AC23813}.Release|Any CPU.Build.0 = Release|Any CPU
		{F1894C00-812E-40E5-A42D-5DA2CAD822EB}.Browser|Any CPU.ActiveCfg = Debug|Any CPU
		{F1894C00-812E-40E5-A42D-5DA2CAD822EB}.Browser|Any CPU.Build.0 = Debug|Any CPU
		{F1894C00-812E-40E5-A42D-5DA2CAD822EB}.Debug|Any CPU.ActiveCfg = Debug|Any CPU
		{F1894C00-812E-40E5-A42D-5DA2CAD822EB}.Debug|Any CPU.Build.0 = Debug|Any CPU
		{F1894C00-812E-40E5-A42D-5DA2CAD822EB}.Release|Any CPU.ActiveCfg = Release|Any CPU
		{F1894C00-812E-40E5-A42D-5DA2CAD822EB}.Release|Any CPU.Build.0 = Release|Any CPU
		{4C1A9754-009D-4B50-9BCB-09CB6ED2E01C}.Browser|Any CPU.ActiveCfg = Debug|Any CPU
		{4C1A9754-009D-4B50-9BCB-09CB6ED2E01C}.Browser|Any CPU.Build.0 = Debug|Any CPU
		{4C1A9754-009D-4B50-9BCB-09CB6ED2E01C}.Debug|Any CPU.ActiveCfg = Debug|Any CPU
		{4C1A9754-009D-4B50-9BCB-09CB6ED2E01C}.Debug|Any CPU.Build.0 = Debug|Any CPU
		{4C1A9754-009D-4B50-9BCB-09CB6ED2E01C}.Release|Any CPU.ActiveCfg = Release|Any CPU
		{4C1A9754-009D-4B50-9BCB-09CB6ED2E01C}.Release|Any CPU.Build.0 = Release|Any CPU
	EndGlobalSection
	GlobalSection(SolutionProperties) = preSolution
		HideSolutionNode = FALSE
	EndGlobalSection
	GlobalSection(ExtensibilityGlobals) = postSolution
		SolutionGuid = {196FED2E-FC3C-402C-8CF2-6B913287B70E}
	EndGlobalSection
EndGlobal
